
Microsoft Visual Studio Solution File, Format Version 11.00
# Visual Studio 2010
Project("{FAE04EC0-301F-11D3-BF4B-00C04F79EFBC}") = "CaesarCipher", "CaesarCipher.csproj", "{F559A371-C93E-47A7-9679-0D96192023D1}"
EndProject
Global
	GlobalSection(SolutionConfigurationPlatforms) = preSolution
		Debug|x86 = Debug|x86
		Release|x86 = Release|x86
	EndGlobalSection
	GlobalSection(ProjectConfigurationPlatforms) = postSolution
		{F559A371-C93E-47A7-9679-0D96192023D1}.Debug|x86.ActiveCfg = Debug|x86
		{F559A371-C93E-47A7-9679-0D96192023D1}.Debug|x86.Build.0 = Debug|x86
		{F559A371-C93E-47A7-9679-0D96192023D1}.Release|x86.ActiveCfg = Release|x86
		{F559A371-C93E-47A7-9679-0D96192023D1}.Release|x86.Build.0 = Release|x86
	EndGlobalSection
	GlobalSection(SolutionProperties) = preSolution
		HideSolutionNode = FALSE
	EndGlobalSection
EndGlobal
